
Microsoft Visual Studio Solution File, Format Version 12.00
# Visual Studio Version 17
VisualStudioVersion = 17.10.35122.118
MinimumVisualStudioVersion = 10.0.40219.1
Project("{FAE04EC0-301F-11D3-BF4B-00C04F79EFBC}") = "PracticasEmilyCodeFirts", "PracticasEmilyCodeFirts\PracticasEmilyCodeFirts.csproj", "{A9D826EB-E00E-470A-90BF-17A125B806B6}"
EndProject
Project("{FAE04EC0-301F-11D3-BF4B-00C04F79EFBC}") = "PracticasEmilyDataFirts", "PracticasEmilyDataFirts\PracticasEmilyDataFirts.csproj", "{398D5D5C-4793-4EAD-881F-29118C293E20}"
EndProject
Global
	GlobalSection(SolutionConfigurationPlatforms) = preSolution
		Debug|Any CPU = Debug|Any CPU
		Release|Any CPU = Release|Any CPU
	EndGlobalSection
	GlobalSection(ProjectConfigurationPlatforms) = postSolution
		{A9D826EB-E00E-470A-90BF-17A125B806B6}.Debug|Any CPU.ActiveCfg = Debug|Any CPU
		{A9D826EB-E00E-470A-90BF-17A125B806B6}.Debug|Any CPU.Build.0 = Debug|Any CPU
		{A9D826EB-E00E-470A-90BF-17A125B806B6}.Release|Any CPU.ActiveCfg = Release|Any CPU
		{A9D826EB-E00E-470A-90BF-17A125B806B6}.Release|Any CPU.Build.0 = Release|Any CPU
		{398D5D5C-4793-4EAD-881F-29118C293E20}.Debug|Any CPU.ActiveCfg = Debug|Any CPU
		{398D5D5C-4793-4EAD-881F-29118C293E20}.Debug|Any CPU.Build.0 = Debug|Any CPU
		{398D5D5C-4793-4EAD-881F-29118C293E20}.Release|Any CPU.ActiveCfg = Release|Any CPU
		{398D5D5C-4793-4EAD-881F-29118C293E20}.Release|Any CPU.Build.0 = Release|Any CPU
	EndGlobalSection
	GlobalSection(SolutionProperties) = preSolution
		HideSolutionNode = FALSE
	EndGlobalSection
	GlobalSection(ExtensibilityGlobals) = postSolution
		SolutionGuid = {E4A075EF-BAE0-4D12-8558-F35E0E6531AA}
	EndGlobalSection
EndGlobal
